// !$*UTF8*$!
{
	archiveVersion = 1;
	classes = {
	};
	objectVersion = 50;
	objects = {

/* Begin PBXBuildFile section */
		601C03192194698C00883A42 /* LoginPageViewController.swift in Sources */ = {isa = PBXBuildFile; fileRef = 601C03182194698C00883A42 /* LoginPageViewController.swift */; };
		601C031B2194708300883A42 /* SignupPageViewController.swift in Sources */ = {isa = PBXBuildFile; fileRef = 601C031A2194708300883A42 /* SignupPageViewController.swift */; };
		601C031D2194714F00883A42 /* User.swift in Sources */ = {isa = PBXBuildFile; fileRef = 601C031C2194714F00883A42 /* User.swift */; };
		601C0320219471BD00883A42 /* UserSampleData.swift in Sources */ = {isa = PBXBuildFile; fileRef = 601C031F219471BD00883A42 /* UserSampleData.swift */; };
		6034812D219687CD00FD0B56 /* Launch.jpg in Resources */ = {isa = PBXBuildFile; fileRef = 6034812A219687CD00FD0B56 /* Launch.jpg */; };
		6034812E219687CD00FD0B56 /* group-512.png in Resources */ = {isa = PBXBuildFile; fileRef = 6034812B219687CD00FD0B56 /* group-512.png */; };
		6034812F219687CD00FD0B56 /* firstScreen.jpg in Resources */ = {isa = PBXBuildFile; fileRef = 6034812C219687CD00FD0B56 /* firstScreen.jpg */; };
		60BECD12219432BC00B2B460 /* AppDelegate.swift in Sources */ = {isa = PBXBuildFile; fileRef = 60BECD11219432BC00B2B460 /* AppDelegate.swift */; };
		60BECD14219432BC00B2B460 /* ViewController.swift in Sources */ = {isa = PBXBuildFile; fileRef = 60BECD13219432BC00B2B460 /* ViewController.swift */; };
		60BECD17219432BC00B2B460 /* Main.storyboard in Resources */ = {isa = PBXBuildFile; fileRef = 60BECD15219432BC00B2B460 /* Main.storyboard */; };
		60BECD19219432BC00B2B460 /* Assets.xcassets in Resources */ = {isa = PBXBuildFile; fileRef = 60BECD18219432BC00B2B460 /* Assets.xcassets */; };
		60BECD1C219432BC00B2B460 /* LaunchScreen.storyboard in Resources */ = {isa = PBXBuildFile; fileRef = 60BECD1A219432BC00B2B460 /* LaunchScreen.storyboard */; };
/* End PBXBuildFile section */

/* Begin PBXFileReference section */
		601C03182194698C00883A42 /* LoginPageViewController.swift */ = {isa = PBXFileReference; lastKnownFileType = sourcecode.swift; path = LoginPageViewController.swift; sourceTree = "<group>"; };
		601C031A2194708300883A42 /* SignupPageViewController.swift */ = {isa = PBXFileReference; lastKnownFileType = sourcecode.swift; path = SignupPageViewController.swift; sourceTree = "<group>"; };
		601C031C2194714F00883A42 /* User.swift */ = {isa = PBXFileReference; lastKnownFileType = sourcecode.swift; path = User.swift; sourceTree = "<group>"; };
		601C031F219471BD00883A42 /* UserSampleData.swift */ = {isa = PBXFileReference; lastKnownFileType = sourcecode.swift; path = UserSampleData.swift; sourceTree = "<group>"; };
		6034812A219687CD00FD0B56 /* Launch.jpg */ = {isa = PBXFileReference; lastKnownFileType = image.jpeg; path = Launch.jpg; sourceTree = "<group>"; };
		6034812B219687CD00FD0B56 /* group-512.png */ = {isa = PBXFileReference; lastKnownFileType = image.png; path = "group-512.png"; sourceTree = "<group>"; };
		6034812C219687CD00FD0B56 /* firstScreen.jpg */ = {isa = PBXFileReference; lastKnownFileType = image.jpeg; path = firstScreen.jpg; sourceTree = "<group>"; };
		60BECD0E219432BC00B2B460 /* LoginHomework.app */ = {isa = PBXFileReference; explicitFileType = wrapper.application; includeInIndex = 0; path = LoginHomework.app; sourceTree = BUILT_PRODUCTS_DIR; };
		60BECD11219432BC00B2B460 /* AppDelegate.swift */ = {isa = PBXFileReference; lastKnownFileType = sourcecode.swift; path = AppDelegate.swift; sourceTree = "<group>"; };
		60BECD13219432BC00B2B460 /* ViewController.swift */ = {isa = PBXFileReference; lastKnownFileType = sourcecode.swift; path = ViewController.swift; sourceTree = "<group>"; };
		60BECD16219432BC00B2B460 /* Base */ = {isa = PBXFileReference; lastKnownFileType = file.storyboard; name = Base; path = Base.lproj/Main.storyboard; sourceTree = "<group>"; };
		60BECD18219432BC00B2B460 /* Assets.xcassets */ = {isa = PBXFileReference; lastKnownFileType = folder.assetcatalog; path = Assets.xcassets; sourceTree = "<group>"; };
		60BECD1B219432BC00B2B460 /* Base */ = {isa = PBXFileReference; lastKnownFileType = file.storyboard; name = Base; path = Base.lproj/LaunchScreen.storyboard; sourceTree = "<group>"; };
		60BECD1D219432BC00B2B460 /* Info.plist */ = {isa = PBXFileReference; lastKnownFileType = text.plist.xml; path = Info.plist; sourceTree = "<group>"; };
/* End PBXFileReference section */

/* Begin PBXFrameworksBuildPhase section */
		60BECD0B219432BC00B2B460 /* Frameworks */ = {
			isa = PBXFrameworksBuildPhase;
			buildActionMask = 2147483647;
			files = (
			);
			runOnlyForDeploymentPostprocessing = 0;
		};
/* End PBXFrameworksBuildPhase section */

/* Begin PBXGroup section */
		601C030E21945BB200883A42 /* Views */ = {
			isa = PBXGroup;
			children = (
				60BECD1A219432BC00B2B460 /* LaunchScreen.storyboard */,
				60BECD15219432BC00B2B460 /* Main.storyboard */,
			);
			path = Views;
			sourceTree = "<group>";
		};
		601C030F21945BBF00883A42 /* ViewControllers */ = {
			isa = PBXGroup;
			children = (
				60BECD13219432BC00B2B460 /* ViewController.swift */,
				601C03182194698C00883A42 /* LoginPageViewController.swift */,
				601C031A2194708300883A42 /* SignupPageViewController.swift */,
			);
			path = ViewControllers;
			sourceTree = "<group>";
		};
		601C031021945BC800883A42 /* Models */ = {
			isa = PBXGroup;
			children = (
				601C031C2194714F00883A42 /* User.swift */,
			);
			path = Models;
			sourceTree = "<group>";
		};
		601C031121945BE500883A42 /* Supporting Files */ = {
			isa = PBXGroup;
			children = (
				6034812C219687CD00FD0B56 /* firstScreen.jpg */,
				6034812B219687CD00FD0B56 /* group-512.png */,
				6034812A219687CD00FD0B56 /* Launch.jpg */,
				60BECD18219432BC00B2B460 /* Assets.xcassets */,
				60BECD11219432BC00B2B460 /* AppDelegate.swift */,
			);
			path = "Supporting Files";
			sourceTree = "<group>";
		};
		601C031E219471A000883A42 /* DataAccess */ = {
			isa = PBXGroup;
			children = (
				601C031F219471BD00883A42 /* UserSampleData.swift */,
			);
			path = DataAccess;
			sourceTree = "<group>";
		};
		60BECD05219432BC00B2B460 = {
			isa = PBXGroup;
			children = (
				60BECD10219432BC00B2B460 /* LoginHomework */,
				60BECD0F219432BC00B2B460 /* Products */,
			);
			sourceTree = "<group>";
		};
		60BECD0F219432BC00B2B460 /* Products */ = {
			isa = PBXGroup;
			children = (
				60BECD0E219432BC00B2B460 /* LoginHomework.app */,
			);
			name = Products;
			sourceTree = "<group>";
		};
		60BECD10219432BC00B2B460 /* LoginHomework */ = {
			isa = PBXGroup;
			children = (
				601C031E219471A000883A42 /* DataAccess */,
				601C031121945BE500883A42 /* Supporting Files */,
				601C031021945BC800883A42 /* Models */,
				601C030F21945BBF00883A42 /* ViewControllers */,
				601C030E21945BB200883A42 /* Views */,
				60BECD1D219432BC00B2B460 /* Info.plist */,
			);
			path = LoginHomework;
			sourceTree = "<group>";
		};
/* End PBXGroup section */

/* Begin PBXNativeTarget section */
		60BECD0D219432BC00B2B460 /* LoginHomework */ = {
			isa = PBXNativeTarget;
			buildConfigurationList = 60BECD20219432BC00B2B460 /* Build configuration list for PBXNativeTarget "LoginHomework" */;
			buildPhases = (
				60BECD0A219432BC00B2B460 /* Sources */,
				60BECD0B219432BC00B2B460 /* Frameworks */,
				60BECD0C219432BC00B2B460 /* Resources */,
			);
			buildRules = (
			);
			dependencies = (
			);
			name = LoginHomework;
			productName = LoginHomework;
			productReference = 60BECD0E219432BC00B2B460 /* LoginHomework.app */;
			productType = "com.apple.product-type.application";
		};
/* End PBXNativeTarget section */

/* Begin PBXProject section */
		60BECD06219432BC00B2B460 /* Project object */ = {
			isa = PBXProject;
			attributes = {
				LastSwiftUpdateCheck = 1010;
				LastUpgradeCheck = 1010;
				ORGANIZATIONNAME = "Kong Vungsovanreach";
				TargetAttributes = {
					60BECD0D219432BC00B2B460 = {
						CreatedOnToolsVersion = 10.1;
					};
				};
			};
			buildConfigurationList = 60BECD09219432BC00B2B460 /* Build configuration list for PBXProject "LoginHomework" */;
			compatibilityVersion = "Xcode 9.3";
			developmentRegion = en;
			hasScannedForEncodings = 0;
			knownRegions = (
				en,
				Base,
			);
			mainGroup = 60BECD05219432BC00B2B460;
			productRefGroup = 60BECD0F219432BC00B2B460 /* Products */;
			projectDirPath = "";
			projectRoot = "";
			targets = (
				60BECD0D219432BC00B2B460 /* LoginHomework */,
			);
		};
/* End PBXProject section */

/* Begin PBXResourcesBuildPhase section */
		60BECD0C219432BC00B2B460 /* Resources */ = {
			isa = PBXResourcesBuildPhase;
			buildActionMask = 2147483647;
			files = (
				6034812F219687CD00FD0B56 /* firstScreen.jpg in Resources */,
				6034812E219687CD00FD0B56 /* group-512.png in Resources */,
				6034812D219687CD00FD0B56 /* Launch.jpg in Resources */,
				60BECD1C219432BC00B2B460 /* LaunchScreen.storyboard in Resources */,
				60BECD19219432BC00B2B460 /* Assets.xcassets in Resources */,
				60BECD17219432BC00B2B460 /* Main.storyboard in Resources */,
			);
			runOnlyForDeploymentPostprocessing = 0;
		};
/* End PBXResourcesBuildPhase section */

/* Begin PBXSourcesBuildPhase section */
		60BECD0A219432BC00B2B460 /* Sources */ = {
			isa = PBXSourcesBuildPhase;
			buildActionMask = 2147483647;
			files = (
				601C03192194698C00883A42 /* LoginPageViewController.swift in Sources */,
				60BECD14219432BC00B2B460 /* ViewController.swift in Sources */,
				601C0320219471BD00883A42 /* UserSampleData.swift in Sources */,
				60BECD12219432BC00B2B460 /* AppDelegate.swift in Sources */,
				601C031D2194714F00883A42 /* User.swift in Sources */,
				601C031B2194708300883A42 /* SignupPageViewController.swift in Sources */,
			);
			runOnlyForDeploymentPostprocessing = 0;
		};
/* End PBXSourcesBuildPhase section */

/* Begin PBXVariantGroup section */
		60BECD15219432BC00B2B460 /* Main.storyboard */ = {
			isa = PBXVariantGroup;
			children = (
				60BECD16219432BC00B2B460 /* Base */,
			);
			name = Main.storyboard;
			sourceTree = "<group>";
		};
		60BECD1A219432BC00B2B460 /* LaunchScreen.storyboard */ = {
			isa = PBXVariantGroup;
			children = (
				60BECD1B219432BC00B2B460 /* Base */,
			);
			name = LaunchScreen.storyboard;
			sourceTree = "<group>";
		};
/* End PBXVariantGroup section */

/* Begin XCBuildConfiguration section */
		60BECD1E219432BC00B2B460 /* Debug */ = {
			isa = XCBuildConfiguration;
			buildSettings = {
				ALWAYS_SEARCH_USER_PATHS = NO;
				CLANG_ANALYZER_NONNULL = YES;
				CLANG_ANALYZER_NUMBER_OBJECT_CONVERSION = YES_AGGRESSIVE;
				CLANG_CXX_LANGUAGE_STANDARD = "gnu++14";
				CLANG_CXX_LIBRARY = "libc++";
				CLANG_ENABLE_MODULES = YES;
				CLANG_ENABLE_OBJC_ARC = YES;
				CLANG_ENABLE_OBJC_WEAK = YES;
				CLANG_WARN_BLOCK_CAPTURE_AUTORELEASING = YES;
				CLANG_WARN_BOOL_CONVERSION = YES;
				CLANG_WARN_COMMA = YES;
				CLANG_WARN_CONSTANT_CONVERSION = YES;
				CLANG_WARN_DEPRECATED_OBJC_IMPLEMENTATIONS = YES;
				CLANG_WARN_DIRECT_OBJC_ISA_USAGE = YES_ERROR;
				CLANG_WARN_DOCUMENTATION_COMMENTS = YES;
				CLANG_WARN_EMPTY_BODY = YES;
				CLANG_WARN_ENUM_CONVERSION = YES;
				CLANG_WARN_INFINITE_RECURSION = YES;
				CLANG_WARN_INT_CONVERSION = YES;
				CLANG_WARN_NON_LITERAL_NULL_CONVERSION = YES;
				CLANG_WARN_OBJC_IMPLICIT_RETAIN_SELF = YES;
				CLANG_WARN_OBJC_LITERAL_CONVERSION = YES;
				CLANG_WARN_OBJC_ROOT_CLASS = YES_ERROR;
				CLANG_WARN_RANGE_LOOP_ANALYSIS = YES;
				CLANG_WARN_STRICT_PROTOTYPES = YES;
				CLANG_WARN_SUSPICIOUS_MOVE = YES;
				CLANG_WARN_UNGUARDED_AVAILABILITY = YES_AGGRESSIVE;
				CLANG_WARN_UNREACHABLE_CODE = YES;
				CLANG_WARN__DUPLICATE_METHOD_MATCH = YES;
				CODE_SIGN_IDENTITY = "iPhone Developer";
				COPY_PHASE_STRIP = NO;
				DEBUG_INFORMATION_FORMAT = dwarf;
				ENABLE_STRICT_OBJC_MSGSEND = YES;
				ENABLE_TESTABILITY = YES;
				GCC_C_LANGUAGE_STANDARD = gnu11;
				GCC_DYNAMIC_NO_PIC = NO;
				GCC_NO_COMMON_BLOCKS = YES;
				GCC_OPTIMIZATION_LEVEL = 0;
				GCC_PREPROCESSOR_DEFINITIONS = (
					"DEBUG=1",
					"$(inherited)",
				);
				GCC_WARN_64_TO_32_BIT_CONVERSION = YES;
				GCC_WARN_ABOUT_RETURN_TYPE = YES_ERROR;
				GCC_WARN_UNDECLARED_SELECTOR = YES;
				GCC_WARN_UNINITIALIZED_AUTOS = YES_AGGRESSIVE;
				GCC_WARN_UNUSED_FUNCTION = YES;
				GCC_WARN_UNUSED_VARIABLE = YES;
				IPHONEOS_DEPLOYMENT_TARGET = 12.1;
				MTL_ENABLE_DEBUG_INFO = INCLUDE_SOURCE;
				MTL_FAST_MATH = YES;
				ONLY_ACTIVE_ARCH = YES;
				SDKROOT = iphoneos;
				SWIFT_ACTIVE_COMPILATION_CONDITIONS = DEBUG;
				SWIFT_OPTIMIZATION_LEVEL = "-Onone";
			};
			name = Debug;
		};
		60BECD1F219432BC00B2B460 /* Release */ = {
			isa = XCBuildConfiguration;
			buildSettings = {
				ALWAYS_SEARCH_USER_PATHS = NO;
				CLANG_ANALYZER_NONNULL = YES;
				CLANG_ANALYZER_NUMBER_OBJECT_CONVERSION = YES_AGGRESSIVE;
				CLANG_CXX_LANGUAGE_STANDARD = "gnu++14";
				CLANG_CXX_LIBRARY = "libc++";
				CLANG_ENABLE_MODULES = YES;
				CLANG_ENABLE_OBJC_ARC = YES;
				CLANG_ENABLE_OBJC_WEAK = YES;
				CLANG_WARN_BLOCK_CAPTURE_AUTORELEASING = YES;
				CLANG_WARN_BOOL_CONVERSION = YES;
				CLANG_WARN_COMMA = YES;
				CLANG_WARN_CONSTANT_CONVERSION = YES;
				CLANG_WARN_DEPRECATED_OBJC_IMPLEMENTATIONS = YES;
				CLANG_WARN_DIRECT_OBJC_ISA_USAGE = YES_ERROR;
				CLANG_WARN_DOCUMENTATION_COMMENTS = YES;
				CLANG_WARN_EMPTY_BODY = YES;
				CLANG_WARN_ENUM_CONVERSION = YES;
				CLANG_WARN_INFINITE_RECURSION = YES;
				CLANG_WARN_INT_CONVERSION = YES;
				CLANG_WARN_NON_LITERAL_NULL_CONVERSION = YES;
				CLANG_WARN_OBJC_IMPLICIT_RETAIN_SELF = YES;
				CLANG_WARN_OBJC_LITERAL_CONVERSION = YES;
				CLANG_WARN_OBJC_ROOT_CLASS = YES_ERROR;
				CLANG_WARN_RANGE_LOOP_ANALYSIS = YES;
				CLANG_WARN_STRICT_PROTOTYPES = YES;
				CLANG_WARN_SUSPICIOUS_MOVE = YES;
				CLANG_WARN_UNGUARDED_AVAILABILITY = YES_AGGRESSIVE;
				CLANG_WARN_UNREACHABLE_CODE = YES;
				CLANG_WARN__DUPLICATE_METHOD_MATCH = YES;
				CODE_SIGN_IDENTITY = "iPhone Developer";
				COPY_PHASE_STRIP = NO;
				DEBUG_INFORMATION_FORMAT = "dwarf-with-dsym";
				ENABLE_NS_ASSERTIONS = NO;
				ENABLE_STRICT_OBJC_MSGSEND = YES;
				GCC_C_LANGUAGE_STANDARD = gnu11;
				GCC_NO_COMMON_BLOCKS = YES;
				GCC_WARN_64_TO_32_BIT_CONVERSION = YES;
				GCC_WARN_ABOUT_RETURN_TYPE = YES_ERROR;
				GCC_WARN_UNDECLARED_SELECTOR = YES;
				GCC_WARN_UNINITIALIZED_AUTOS = YES_AGGRESSIVE;
				GCC_WARN_UNUSED_FUNCTION = YES;
				GCC_WARN_UNUSED_VARIABLE = YES;
				IPHONEOS_DEPLOYMENT_TARGET = 12.1;
				MTL_ENABLE_DEBUG_INFO = NO;
				MTL_FAST_MATH = YES;
				SDKROOT = iphoneos;
				SWIFT_COMPILATION_MODE = wholemodule;
				SWIFT_OPTIMIZATION_LEVEL = "-O";
				VALIDATE_PRODUCT = YES;
			};
			name = Release;
		};
		60BECD21219432BC00B2B460 /* Debug */ = {
			isa = XCBuildConfiguration;
			buildSettings = {
				ASSETCATALOG_COMPILER_APPICON_NAME = AppIcon;
				CODE_SIGN_STYLE = Automatic;
				DEVELOPMENT_TEAM = 4A5VCVN5Z5;
				INFOPLIST_FILE = LoginHomework/Info.plist;
				LD_RUNPATH_SEARCH_PATHS = (
					"$(inherited)",
					"@executable_path/Frameworks",
				);
				PRODUCT_BUNDLE_IDENTIFIER = com.kongvungsovanreach.kh.LoginHomework;
				PRODUCT_NAME = "$(TARGET_NAME)";
				SWIFT_VERSION = 4.2;
				TARGETED_DEVICE_FAMILY = "1,2";
			};
			name = Debug;
		};
		60BECD22219432BC00B2B460 /* Release */ = {
			isa = XCBuildConfiguration;
			buildSettings = {
				ASSETCATALOG_COMPILER_APPICON_NAME = AppIcon;
				CODE_SIGN_STYLE = Automatic;
				DEVELOPMENT_TEAM = 4A5VCVN5Z5;
				INFOPLIST_FILE = LoginHomework/Info.plist;
				LD_RUNPATH_SEARCH_PATHS = (
					"$(inherited)",
					"@executable_path/Frameworks",
				);
				PRODUCT_BUNDLE_IDENTIFIER = com.kongvungsovanreach.kh.LoginHomework;
				PRODUCT_NAME = "$(TARGET_NAME)";
				SWIFT_VERSION = 4.2;
				TARGETED_DEVICE_FAMILY = "1,2";
			};
			name = Release;
		};
/* End XCBuildConfiguration section */

/* Begin XCConfigurationList section */
		60BECD09219432BC00B2B460 /* Build configuration list for PBXProject "LoginHomework" */ = {
			isa = XCConfigurationList;
			buildConfigurations = (
				60BECD1E219432BC00B2B460 /* Debug */,
				60BECD1F219432BC00B2B460 /* Release */,
			);
			defaultConfigurationIsVisible = 0;
			defaultConfigurationName = Release;
		};
		60BECD20219432BC00B2B460 /* Build configuration list for PBXNativeTarget "LoginHomework" */ = {
			isa = XCConfigurationList;
			buildConfigurations = (
				60BECD21219432BC00B2B460 /* Debug */,
				60BECD22219432BC00B2B460 /* Release */,
			);
			defaultConfigurationIsVisible = 0;
			defaultConfigurationName = Release;
		};
/* End XCConfigurationList section */
	};
	rootObject = 60BECD06219432BC00B2B460 /* Project object */;
}
